
Microsoft Visual Studio Solution File, Format Version 12.00
# Visual Studio Version 17
VisualStudioVersion = 17.9.34728.123
MinimumVisualStudioVersion = 10.0.40219.1
Project("{9A19103F-16F7-4668-BE54-9A1E7A4F7556}") = "LineGenerator", "LineGenerator.csproj", "{3B0DA5E9-A4BD-448A-9160-5F9F7201B2B6}"
EndProject
Global
	GlobalSection(SolutionConfigurationPlatforms) = preSolution
		Debug|Any CPU = Debug|Any CPU
		Release|Any CPU = Release|Any CPU
	EndGlobalSection
	GlobalSection(ProjectConfigurationPlatforms) = postSolution
		{3B0DA5E9-A4BD-448A-9160-5F9F7201B2B6}.Debug|Any CPU.ActiveCfg = Debug|Any CPU
		{3B0DA5E9-A4BD-448A-9160-5F9F7201B2B6}.Debug|Any CPU.Build.0 = Debug|Any CPU
		{3B0DA5E9-A4BD-448A-9160-5F9F7201B2B6}.Release|Any CPU.ActiveCfg = Release|Any CPU
		{3B0DA5E9-A4BD-448A-9160-5F9F7201B2B6}.Release|Any CPU.Build.0 = Release|Any CPU
	EndGlobalSection
	GlobalSection(SolutionProperties) = preSolution
		HideSolutionNode = FALSE
	EndGlobalSection
	GlobalSection(ExtensibilityGlobals) = postSolution
		SolutionGuid = {7D456FD9-DCF3-40A6-8848-E53454B195EF}
	EndGlobalSection
EndGlobal
