
Microsoft Visual Studio Solution File, Format Version 12.00
# Visual Studio Version 17
VisualStudioVersion = 17.8.34330.188
MinimumVisualStudioVersion = 10.0.40219.1
Project("{FAE04EC0-301F-11D3-BF4B-00C04F79EFBC}") = "CKBlazor", "CKBlazor\CKBlazor.csproj", "{D789F08A-E6B3-4618-AA33-2455207E2C82}"
EndProject
Global
	GlobalSection(SolutionConfigurationPlatforms) = preSolution
		Debug|Any CPU = Debug|Any CPU
		Release|Any CPU = Release|Any CPU
	EndGlobalSection
	GlobalSection(ProjectConfigurationPlatforms) = postSolution
		{D789F08A-E6B3-4618-AA33-2455207E2C82}.Debug|Any CPU.ActiveCfg = Debug|Any CPU
		{D789F08A-E6B3-4618-AA33-2455207E2C82}.Debug|Any CPU.Build.0 = Debug|Any CPU
		{D789F08A-E6B3-4618-AA33-2455207E2C82}.Release|Any CPU.ActiveCfg = Release|Any CPU
		{D789F08A-E6B3-4618-AA33-2455207E2C82}.Release|Any CPU.Build.0 = Release|Any CPU
	EndGlobalSection
	GlobalSection(SolutionProperties) = preSolution
		HideSolutionNode = FALSE
	EndGlobalSection
	GlobalSection(ExtensibilityGlobals) = postSolution
		SolutionGuid = {F5BC63CD-FB50-4DB4-9973-493B790B79B8}
	EndGlobalSection
EndGlobal
